
Microsoft Visual Studio Solution File, Format Version 12.00
# Visual Studio Version 16
VisualStudioVersion = 16.0.31313.79
MinimumVisualStudioVersion = 10.0.40219.1
Project("{FAE04EC0-301F-11D3-BF4B-00C04F79EFBC}") = "DocumentRepoWeb", "DocumentRepoWeb\DocumentRepoWeb.csproj", "{E899687D-C56D-4B10-ACAA-7037D5F480DE}"
EndProject
Project("{FAE04EC0-301F-11D3-BF4B-00C04F79EFBC}") = "DocumentRepoWeb.Tests", "DocumentRepoWeb.Tests\DocumentRepoWeb.Tests.csproj", "{74EA5D8E-4C79-453F-9CF9-BD5B96A4AFAB}"
EndProject
Project("{FAE04EC0-301F-11D3-BF4B-00C04F79EFBC}") = "DocumentRepoWeb.Data", "DocumentRepoWeb.Data\DocumentRepoWeb.Data.csproj", "{0F025315-6E72-4E8B-99DD-AFAC9C3525E1}"
EndProject
Global
	GlobalSection(SolutionConfigurationPlatforms) = preSolution
		Debug|Any CPU = Debug|Any CPU
		Release|Any CPU = Release|Any CPU
	EndGlobalSection
	GlobalSection(ProjectConfigurationPlatforms) = postSolution
		{E899687D-C56D-4B10-ACAA-7037D5F480DE}.Debug|Any CPU.ActiveCfg = Debug|Any CPU
		{E899687D-C56D-4B10-ACAA-7037D5F480DE}.Debug|Any CPU.Build.0 = Debug|Any CPU
		{E899687D-C56D-4B10-ACAA-7037D5F480DE}.Release|Any CPU.ActiveCfg = Release|Any CPU
		{E899687D-C56D-4B10-ACAA-7037D5F480DE}.Release|Any CPU.Build.0 = Release|Any CPU
		{74EA5D8E-4C79-453F-9CF9-BD5B96A4AFAB}.Debug|Any CPU.ActiveCfg = Debug|Any CPU
		{74EA5D8E-4C79-453F-9CF9-BD5B96A4AFAB}.Debug|Any CPU.Build.0 = Debug|Any CPU
		{74EA5D8E-4C79-453F-9CF9-BD5B96A4AFAB}.Release|Any CPU.ActiveCfg = Release|Any CPU
		{74EA5D8E-4C79-453F-9CF9-BD5B96A4AFAB}.Release|Any CPU.Build.0 = Release|Any CPU
		{0F025315-6E72-4E8B-99DD-AFAC9C3525E1}.Debug|Any CPU.ActiveCfg = Debug|Any CPU
		{0F025315-6E72-4E8B-99DD-AFAC9C3525E1}.Debug|Any CPU.Build.0 = Debug|Any CPU
		{0F025315-6E72-4E8B-99DD-AFAC9C3525E1}.Release|Any CPU.ActiveCfg = Release|Any CPU
		{0F025315-6E72-4E8B-99DD-AFAC9C3525E1}.Release|Any CPU.Build.0 = Release|Any CPU
	EndGlobalSection
	GlobalSection(SolutionProperties) = preSolution
		HideSolutionNode = FALSE
	EndGlobalSection
	GlobalSection(ExtensibilityGlobals) = postSolution
		SolutionGuid = {E11DAF20-58AB-42AE-9FDF-2EB39F596668}
	EndGlobalSection
EndGlobal
