
Microsoft Visual Studio Solution File, Format Version 12.00
# Visual Studio Version 16
VisualStudioVersion = 16.0.31205.134
MinimumVisualStudioVersion = 10.0.40219.1
Project("{FAE04EC0-301F-11D3-BF4B-00C04F79EFBC}") = "DocumentRepoAPI", "DocumentRepoAPI\DocumentRepoAPI.csproj", "{3D0F4CB3-B9AD-4CEA-86FA-AE17580D5CB1}"
EndProject
Project("{FAE04EC0-301F-11D3-BF4B-00C04F79EFBC}") = "DocumentRepoAPI.Tests", "DocumentRepoAPI.Tests\DocumentRepoAPI.Tests.csproj", "{A5950CC8-1FE0-44CB-AA4E-C2AF46928D60}"
EndProject
Project("{FAE04EC0-301F-11D3-BF4B-00C04F79EFBC}") = "DocumentRepoAPI.Data", "DocumentRepoAPI.Data\DocumentRepoAPI.Data.csproj", "{8B71E06D-A9FB-4E87-8F32-7C30659BF349}"
EndProject
Project("{FAE04EC0-301F-11D3-BF4B-00C04F79EFBC}") = "DocumentRepoAPI.Services", "DocumentRepoAPI.Services\DocumentRepoAPI.Services.csproj", "{F5229692-8FD9-4186-92FB-CCEE21095BFE}"
EndProject
Project("{FAE04EC0-301F-11D3-BF4B-00C04F79EFBC}") = "DocumentRepoAPI.Providers", "DocumentRepoAPI.Providers\DocumentRepoAPI.Providers.csproj", "{344C91DB-2505-496B-80B8-E910DCB30D4D}"
EndProject
Global
	GlobalSection(SolutionConfigurationPlatforms) = preSolution
		Debug|Any CPU = Debug|Any CPU
		Release|Any CPU = Release|Any CPU
	EndGlobalSection
	GlobalSection(ProjectConfigurationPlatforms) = postSolution
		{3D0F4CB3-B9AD-4CEA-86FA-AE17580D5CB1}.Debug|Any CPU.ActiveCfg = Debug|Any CPU
		{3D0F4CB3-B9AD-4CEA-86FA-AE17580D5CB1}.Debug|Any CPU.Build.0 = Debug|Any CPU
		{3D0F4CB3-B9AD-4CEA-86FA-AE17580D5CB1}.Release|Any CPU.ActiveCfg = Release|Any CPU
		{3D0F4CB3-B9AD-4CEA-86FA-AE17580D5CB1}.Release|Any CPU.Build.0 = Release|Any CPU
		{A5950CC8-1FE0-44CB-AA4E-C2AF46928D60}.Debug|Any CPU.ActiveCfg = Debug|Any CPU
		{A5950CC8-1FE0-44CB-AA4E-C2AF46928D60}.Debug|Any CPU.Build.0 = Debug|Any CPU
		{A5950CC8-1FE0-44CB-AA4E-C2AF46928D60}.Release|Any CPU.ActiveCfg = Release|Any CPU
		{A5950CC8-1FE0-44CB-AA4E-C2AF46928D60}.Release|Any CPU.Build.0 = Release|Any CPU
		{8B71E06D-A9FB-4E87-8F32-7C30659BF349}.Debug|Any CPU.ActiveCfg = Debug|Any CPU
		{8B71E06D-A9FB-4E87-8F32-7C30659BF349}.Debug|Any CPU.Build.0 = Debug|Any CPU
		{8B71E06D-A9FB-4E87-8F32-7C30659BF349}.Release|Any CPU.ActiveCfg = Release|Any CPU
		{8B71E06D-A9FB-4E87-8F32-7C30659BF349}.Release|Any CPU.Build.0 = Release|Any CPU
		{F5229692-8FD9-4186-92FB-CCEE21095BFE}.Debug|Any CPU.ActiveCfg = Debug|Any CPU
		{F5229692-8FD9-4186-92FB-CCEE21095BFE}.Debug|Any CPU.Build.0 = Debug|Any CPU
		{F5229692-8FD9-4186-92FB-CCEE21095BFE}.Release|Any CPU.ActiveCfg = Release|Any CPU
		{F5229692-8FD9-4186-92FB-CCEE21095BFE}.Release|Any CPU.Build.0 = Release|Any CPU
		{344C91DB-2505-496B-80B8-E910DCB30D4D}.Debug|Any CPU.ActiveCfg = Debug|Any CPU
		{344C91DB-2505-496B-80B8-E910DCB30D4D}.Debug|Any CPU.Build.0 = Debug|Any CPU
		{344C91DB-2505-496B-80B8-E910DCB30D4D}.Release|Any CPU.ActiveCfg = Release|Any CPU
		{344C91DB-2505-496B-80B8-E910DCB30D4D}.Release|Any CPU.Build.0 = Release|Any CPU
	EndGlobalSection
	GlobalSection(SolutionProperties) = preSolution
		HideSolutionNode = FALSE
	EndGlobalSection
	GlobalSection(ExtensibilityGlobals) = postSolution
		SolutionGuid = {D4D5BFDB-ABB3-4236-ADAC-AE61AC6E089F}
	EndGlobalSection
EndGlobal
